<Solution>
  <Folder Name="/src/">
    <Project Path="src/StrataLedger.Api/StrataLedger.Api.csproj" />
    <Project Path="src/StrataLedger.Application/StrataLedger.Application.csproj" />
    <Project Path="src/StrataLedger.Domain/StrataLedger.Domain.csproj" />
    <Project Path="src/StrataLedger.Infrastructure/StrataLedger.Infrastructure.csproj" />
  </Folder>
  <Folder Name="/tests/">
    <Project Path="tests/StrataLedger.IntegrationTests/StrataLedger.IntegrationTests.csproj" />
    <Project Path="tests/StrataLedger.UnitTests/StrataLedger.UnitTests.csproj" />
  </Folder>
</Solution>
