<Solution>
  <Folder Name="/src/">
    <Project Path="src/MyApp.Api/MyApp.Api.csproj" />
    <Project Path="src/MyApp.Application/MyApp.Application.csproj" />
    <Project Path="src/MyApp.Domain/MyApp.Domain.csproj" />
    <Project Path="src/MyApp.Infrastructure/MyApp.Infrastructure.csproj" />
  </Folder>
  <Folder Name="/tests/">
    <Project Path="tests/MyApp.IntegrationTests/MyApp.IntegrationTests.csproj" />
    <Project Path="tests/MyApp.UnitTests/MyApp.UnitTests.csproj" />
  </Folder>
</Solution>
